
Microsoft Visual Studio Solution File, Format Version 12.00
# Visual Studio 14
VisualStudioVersion = 14.0.25420.1
MinimumVisualStudioVersion = 10.0.40219.1
Project("{FAE04EC0-301F-11D3-BF4B-00C04F79EFBC}") = "KingKong", "roadTrack\KingKong.csproj", "{EDD121BF-5EE6-4C75-9D62-653EAB560909}"
	ProjectSection(ProjectDependencies) = postProject
		{D36C5763-06A5-4D08-8B18-A77EA6CE841D} = {D36C5763-06A5-4D08-8B18-A77EA6CE841D}
	EndProjectSection
EndProject
Project("{FAE04EC0-301F-11D3-BF4B-00C04F79EFBC}") = "ConvNetSharp", "ConvNetSharp\ConvNetSharp.csproj", "{D36C5763-06A5-4D08-8B18-A77EA6CE841D}"
EndProject
Project("{FAE04EC0-301F-11D3-BF4B-00C04F79EFBC}") = "ThirdFoot", "ThirdFoot\ThirdFoot.csproj", "{6DD3FFD1-0620-4426-B158-321E1F530093}"
EndProject
Global
	GlobalSection(SolutionConfigurationPlatforms) = preSolution
		Debug|Any CPU = Debug|Any CPU
		Release|Any CPU = Release|Any CPU
	EndGlobalSection
	GlobalSection(ProjectConfigurationPlatforms) = postSolution
		{EDD121BF-5EE6-4C75-9D62-653EAB560909}.Debug|Any CPU.ActiveCfg = Debug|Any CPU
		{EDD121BF-5EE6-4C75-9D62-653EAB560909}.Debug|Any CPU.Build.0 = Debug|Any CPU
		{EDD121BF-5EE6-4C75-9D62-653EAB560909}.Release|Any CPU.ActiveCfg = Release|Any CPU
		{EDD121BF-5EE6-4C75-9D62-653EAB560909}.Release|Any CPU.Build.0 = Release|Any CPU
		{D36C5763-06A5-4D08-8B18-A77EA6CE841D}.Debug|Any CPU.ActiveCfg = Debug|Any CPU
		{D36C5763-06A5-4D08-8B18-A77EA6CE841D}.Debug|Any CPU.Build.0 = Debug|Any CPU
		{D36C5763-06A5-4D08-8B18-A77EA6CE841D}.Release|Any CPU.ActiveCfg = Release|Any CPU
		{D36C5763-06A5-4D08-8B18-A77EA6CE841D}.Release|Any CPU.Build.0 = Release|Any CPU
		{6DD3FFD1-0620-4426-B158-321E1F530093}.Debug|Any CPU.ActiveCfg = Debug|Any CPU
		{6DD3FFD1-0620-4426-B158-321E1F530093}.Debug|Any CPU.Build.0 = Debug|Any CPU
		{6DD3FFD1-0620-4426-B158-321E1F530093}.Release|Any CPU.ActiveCfg = Release|Any CPU
		{6DD3FFD1-0620-4426-B158-321E1F530093}.Release|Any CPU.Build.0 = Release|Any CPU
	EndGlobalSection
	GlobalSection(SolutionProperties) = preSolution
		HideSolutionNode = FALSE
	EndGlobalSection
EndGlobal
